
Microsoft Visual Studio Solution File, Format Version 12.00
# Visual Studio 14
VisualStudioVersion = 14.0.25420.1
MinimumVisualStudioVersion = 10.0.40219.1
Project("{FAE04EC0-301F-11D3-BF4B-00C04F79EFBC}") = "SportsStore.Domain", "SportsStore.Domain\SportsStore.Domain.csproj", "{0BB3C569-1080-43C0-BB38-F1CFC53A3035}"
EndProject
Project("{FAE04EC0-301F-11D3-BF4B-00C04F79EFBC}") = "SportsStore.WebUI", "SportsStore.WebUI\SportsStore.WebUI.csproj", "{C0A18263-ED4D-48AC-B091-C4D4932CFDD0}"
EndProject
Project("{FAE04EC0-301F-11D3-BF4B-00C04F79EFBC}") = "SportsStore.UnitTests", "SportsStore.UnitTests\SportsStore.UnitTests.csproj", "{31BC8140-CCEB-4E2E-AD83-ADE989846A31}"
EndProject
Global
	GlobalSection(SolutionConfigurationPlatforms) = preSolution
		Debug|Any CPU = Debug|Any CPU
		Release|Any CPU = Release|Any CPU
	EndGlobalSection
	GlobalSection(ProjectConfigurationPlatforms) = postSolution
		{0BB3C569-1080-43C0-BB38-F1CFC53A3035}.Debug|Any CPU.ActiveCfg = Debug|Any CPU
		{0BB3C569-1080-43C0-BB38-F1CFC53A3035}.Debug|Any CPU.Build.0 = Debug|Any CPU
		{0BB3C569-1080-43C0-BB38-F1CFC53A3035}.Release|Any CPU.ActiveCfg = Release|Any CPU
		{0BB3C569-1080-43C0-BB38-F1CFC53A3035}.Release|Any CPU.Build.0 = Release|Any CPU
		{C0A18263-ED4D-48AC-B091-C4D4932CFDD0}.Debug|Any CPU.ActiveCfg = Debug|Any CPU
		{C0A18263-ED4D-48AC-B091-C4D4932CFDD0}.Debug|Any CPU.Build.0 = Debug|Any CPU
		{C0A18263-ED4D-48AC-B091-C4D4932CFDD0}.Release|Any CPU.ActiveCfg = Release|Any CPU
		{C0A18263-ED4D-48AC-B091-C4D4932CFDD0}.Release|Any CPU.Build.0 = Release|Any CPU
		{31BC8140-CCEB-4E2E-AD83-ADE989846A31}.Debug|Any CPU.ActiveCfg = Debug|Any CPU
		{31BC8140-CCEB-4E2E-AD83-ADE989846A31}.Debug|Any CPU.Build.0 = Debug|Any CPU
		{31BC8140-CCEB-4E2E-AD83-ADE989846A31}.Release|Any CPU.ActiveCfg = Release|Any CPU
		{31BC8140-CCEB-4E2E-AD83-ADE989846A31}.Release|Any CPU.Build.0 = Release|Any CPU
	EndGlobalSection
	GlobalSection(SolutionProperties) = preSolution
		HideSolutionNode = FALSE
	EndGlobalSection
EndGlobal
